
Microsoft Visual Studio Solution File, Format Version 12.00
# Visual Studio Version 16
VisualStudioVersion = 16.0.31515.178
MinimumVisualStudioVersion = 10.0.40219.1
Project("{FAE04EC0-301F-11D3-BF4B-00C04F79EFBC}") = "NewGameChakers", "NewGameChakers\NewGameChakers.csproj", "{F7869D77-3B4D-4E29-9ED3-C968EF43BC00}"
EndProject
Global
	GlobalSection(SolutionConfigurationPlatforms) = preSolution
		Debug|Any CPU = Debug|Any CPU
		Release|Any CPU = Release|Any CPU
	EndGlobalSection
	GlobalSection(ProjectConfigurationPlatforms) = postSolution
		{F7869D77-3B4D-4E29-9ED3-C968EF43BC00}.Debug|Any CPU.ActiveCfg = Debug|Any CPU
		{F7869D77-3B4D-4E29-9ED3-C968EF43BC00}.Debug|Any CPU.Build.0 = Debug|Any CPU
		{F7869D77-3B4D-4E29-9ED3-C968EF43BC00}.Release|Any CPU.ActiveCfg = Release|Any CPU
		{F7869D77-3B4D-4E29-9ED3-C968EF43BC00}.Release|Any CPU.Build.0 = Release|Any CPU
	EndGlobalSection
	GlobalSection(SolutionProperties) = preSolution
		HideSolutionNode = FALSE
	EndGlobalSection
	GlobalSection(ExtensibilityGlobals) = postSolution
		SolutionGuid = {E7820194-FC91-49D1-A03C-EBEE40E58A85}
	EndGlobalSection
EndGlobal
